PODS:
  - ActionSheetPicker-3.0 (2.0.5)
  - ChameleonFramework (2.1.0):
    - ChameleonFramework/Default (= 2.1.0)
  - ChameleonFramework/Default (2.1.0)
  - FXBlurView (1.6.4)
  - FZAccordionTableView (0.1.3)
  - IQDropDownTextField (1.0.7)
  - LLSimpleCamera (4.2.0)
  - MagicalRecord (2.3.2):
    - MagicalRecord/Core (= 2.3.2)
  - MagicalRecord/Core (2.3.2)
  - MCSwipeTableViewCell (2.1.4)
  - PKYDropDownStepper (0.0.5):
    - PKYDropDownStepper/Core (= 0.0.5)
  - PKYDropDownStepper/Core (0.0.5)
  - SDWebImage (3.7.5):
    - SDWebImage/Core (= 3.7.5)
  - SDWebImage/Core (3.7.5)
  - STPopup (1.6.1)
  - SVProgressHUD (2.0.3)
  - SVPullToRefresh (0.4.1)
  - TableViewCellAnimations (0.1.0)
  - TOCropViewController (1.2.6)

DEPENDENCIES:
  - ActionSheetPicker-3.0 (~> 2.0.5)
  - ChameleonFramework (~> 2.1.0)
  - FXBlurView (~> 1.6.4)
  - FZAccordionTableView
  - IQDropDownTextField
  - LLSimpleCamera (~> 4.2)
  - MagicalRecord
  - MCSwipeTableViewCell
  - PKYDropDownStepper (~> 0.0.5)
  - SDWebImage (~> 3.7.5)
  - STPopup
  - SVProgressHUD
  - SVPullToRefresh
  - TableViewCellAnimations
  - TOCropViewController

SPEC CHECKSUMS:
  ActionSheetPicker-3.0: 8312778b6815578e6a86d630fbcf31dc94c534e7
  ChameleonFramework: d21a3cc247abfe5e37609a283a8238b03575cf64
  FXBlurView: db786c2561cb49a09ae98407f52460096ab8a44f
  FZAccordionTableView: 028b53ea3a208a5b3591650edb055444749c530b
  IQDropDownTextField: a16c12513f1b28a30aa76c00b2f37b00ecc31b0a
  LLSimpleCamera: ed7813ce4827ff3e34c6af159c99b5b56e54d1c6
  MagicalRecord: 53bed74b4323b930992a725be713e53b37d19755
  MCSwipeTableViewCell: 1b303e16c3a26b1982f3a68386e9b8c5fc8344c3
  PKYDropDownStepper: 13bebf456dfcf41ee0b065dfd5728ae965c62354
  SDWebImage: 69c6303e3348fba97e03f65d65d4fbc26740f461
  STPopup: f32dc6a944b57311b6d2d6e3afd789f83a0c4cbc
  SVProgressHUD: b0830714205bea1317ea1a2ebc71e5633af334d4
  SVPullToRefresh: ba2e718695a43253d8bea6852d2960097dc15d8c
  TableViewCellAnimations: 140639d10b17aa7c4ce0b4bacd090d6b4322d953
  TOCropViewController: 030e38f7c696d8eec4320a5baa8250b49c8f065f

COCOAPODS: 0.39.0
